
Microsoft Visual Studio Solution File, Format Version 12.00
# Visual Studio 2012
Project("{FAE04EC0-301F-11D3-BF4B-00C04F79EFBC}") = "BootsTrapDemo", "BootsTrapDemo\BootsTrapDemo.csproj", "{B26A3203-7B0C-4C3A-83EF-87DE64F931AD}"
EndProject
Global
	GlobalSection(SolutionConfigurationPlatforms) = preSolution
		Debug|Any CPU = Debug|Any CPU
		Release|Any CPU = Release|Any CPU
	EndGlobalSection
	GlobalSection(ProjectConfigurationPlatforms) = postSolution
		{B26A3203-7B0C-4C3A-83EF-87DE64F931AD}.Debug|Any CPU.ActiveCfg = Debug|Any CPU
		{B26A3203-7B0C-4C3A-83EF-87DE64F931AD}.Debug|Any CPU.Build.0 = Debug|Any CPU
		{B26A3203-7B0C-4C3A-83EF-87DE64F931AD}.Release|Any CPU.ActiveCfg = Release|Any CPU
		{B26A3203-7B0C-4C3A-83EF-87DE64F931AD}.Release|Any CPU.Build.0 = Release|Any CPU
	EndGlobalSection
	GlobalSection(SolutionProperties) = preSolution
		HideSolutionNode = FALSE
	EndGlobalSection
EndGlobal
